
Microsoft Visual Studio Solution File, Format Version 12.00
Project("{FAE04EC0-301F-11D3-BF4B-00C04F79EFBC}") = "luna-projects-api", "luna-projects-api\luna-projects-api.csproj", "{91A9B357-98C1-4CA6-A6FD-794234643367}"
EndProject
Global
	GlobalSection(SolutionConfigurationPlatforms) = preSolution
		Debug|Any CPU = Debug|Any CPU
		Release|Any CPU = Release|Any CPU
	EndGlobalSection
	GlobalSection(ProjectConfigurationPlatforms) = postSolution
		{91A9B357-98C1-4CA6-A6FD-794234643367}.Debug|Any CPU.ActiveCfg = Debug|Any CPU
		{91A9B357-98C1-4CA6-A6FD-794234643367}.Debug|Any CPU.Build.0 = Debug|Any CPU
		{91A9B357-98C1-4CA6-A6FD-794234643367}.Release|Any CPU.ActiveCfg = Release|Any CPU
		{91A9B357-98C1-4CA6-A6FD-794234643367}.Release|Any CPU.Build.0 = Release|Any CPU
	EndGlobalSection
EndGlobal
